{
	"name": "sql.js",
	"version": "1.0.0",
	"lockfileVersion": 1,
	"requires": true,
	"dependencies": {
		"ansi-font": {
			"version": "0.0.2",
			"resolved": "https://registry.npmjs.org/ansi-font/-/ansi-font-0.0.2.tgz",
			"integrity": "sha1-iQMBvVhBRi/TnAt3Ca/R9SUUMzE=",
			"dev": true
		},
		"coffeescript": {
			"version": "1.12.7",
			"resolved": "https://registry.npmjs.org/coffeescript/-/coffeescript-1.12.7.tgz",
			"integrity": "sha512-pLXHFxQMPklVoEekowk8b3erNynC+DVJzChxS/LCBBgR6/8AJkHivkm//zbowcfc7BTCAjryuhx6gPqPRfsFoA==",
			"dev": true
		},
		"esm": {
			"version": "3.2.25",
			"resolved": "https://registry.npmjs.org/esm/-/esm-3.2.25.tgz",
			"integrity": "sha512-U1suiZ2oDVWv4zPO56S0NcR5QriEahGtdN2OR6FiOG4WJvcjBVFB0qI4+eKoWFH483PKGuLuu6V8Z4T5g63UVA==",
			"dev": true
		},
		"test": {
			"version": "0.6.0",
			"resolved": "https://registry.npmjs.org/test/-/test-0.6.0.tgz",
			"integrity": "sha1-WYasRF7Bd1QyJRLRBLoyyKY+k44=",
			"dev": true,
			"requires": {
				"ansi-font": "0.0.2"
			}
		},
		"tiny-worker": {
			"version": "2.3.0",
			"resolved": "https://registry.npmjs.org/tiny-worker/-/tiny-worker-2.3.0.tgz",
			"integrity": "sha512-pJ70wq5EAqTAEl9IkGzA+fN0836rycEuz2Cn6yeZ6FRzlVS5IDOkFHpIoEsksPRQV34GDqXm65+OlnZqUSyK2g==",
			"dev": true,
			"requires": {
				"esm": "^3.2.25"
			}
		}
	}
}
