# THIS IS AN AUTOGENERATED FILE. DO NOT EDIT THIS FILE DIRECTLY.
# yarn lockfile v1


ansi-font@0.0.2:
  version "0.0.2"
  resolved "https://registry.yarnpkg.com/ansi-font/-/ansi-font-0.0.2.tgz#890301bd5841462fd39c0b7709afd1f525143331"
  integrity sha1-iQMBvVhBRi/TnAt3Ca/R9SUUMzE=

esm@^3.2.22:
  version "3.2.25"
  resolved "https://registry.yarnpkg.com/esm/-/esm-3.2.25.tgz#342c18c29d56157688ba5ce31f8431fbb795cc10"
  integrity sha512-U1suiZ2oDVWv4zPO56S0NcR5QriEahGtdN2OR6FiOG4WJvcjBVFB0qI4+eKoWFH483PKGuLuu6V8Z4T5g63UVA==

test@>=0.6:
  version "0.6.0"
  resolved "https://registry.yarnpkg.com/test/-/test-0.6.0.tgz#5986ac445ec17754322512d104ba32c8a63e938e"
  integrity sha1-WYasRF7Bd1QyJRLRBLoyyKY+k44=
  dependencies:
    ansi-font "0.0.2"

tiny-worker@^2.1.2:
  version "2.2.0"
  resolved "https://registry.yarnpkg.com/tiny-worker/-/tiny-worker-2.2.0.tgz#056ce92d424c8d2c6f9fb8f9a5d2e3cdcb908bca"
  integrity sha512-/DnTni0fPjjOlqA6BNcUo6pxyfbViJZ7vxwA+RZ+gF0dBevxp0sropQFVZ4NS5PRgQ8J7EBu8zMJYKwoNo5aWg==
  dependencies:
    esm "^3.2.22"
